
Microsoft Visual Studio Solution File, Format Version 12.00
# Visual Studio Version 17
VisualStudioVersion = 17.1.32328.378
MinimumVisualStudioVersion = 10.0.40219.1
Project("{FAE04EC0-301F-11D3-BF4B-00C04F79EFBC}") = "HourCounter", "HourCounter\HourCounter.csproj", "{70DE3635-BA72-4A3F-812F-6F896B4AEE17}"
EndProject
Global
	GlobalSection(SolutionConfigurationPlatforms) = preSolution
		Debug|Any CPU = Debug|Any CPU
		Release|Any CPU = Release|Any CPU
	EndGlobalSection
	GlobalSection(ProjectConfigurationPlatforms) = postSolution
		{70DE3635-BA72-4A3F-812F-6F896B4AEE17}.Debug|Any CPU.ActiveCfg = Debug|Any CPU
		{70DE3635-BA72-4A3F-812F-6F896B4AEE17}.Debug|Any CPU.Build.0 = Debug|Any CPU
		{70DE3635-BA72-4A3F-812F-6F896B4AEE17}.Release|Any CPU.ActiveCfg = Release|Any CPU
		{70DE3635-BA72-4A3F-812F-6F896B4AEE17}.Release|Any CPU.Build.0 = Release|Any CPU
	EndGlobalSection
	GlobalSection(SolutionProperties) = preSolution
		HideSolutionNode = FALSE
	EndGlobalSection
	GlobalSection(ExtensibilityGlobals) = postSolution
		SolutionGuid = {154C3C79-4D3E-4520-B3FB-6F429C62A180}
	EndGlobalSection
EndGlobal
